// !$*UTF8*$!
{
	archiveVersion = 1;
	classes = {
	};
	objectVersion = 48;
	objects = {

/* Begin PBXBuildFile section */
		223F9CDC1F34C3F800B85471 /* AppDelegate.swift in Sources */ = {isa = PBXBuildFile; fileRef = 223F9CDB1F34C3F800B85471 /* AppDelegate.swift */; };
		223F9CDE1F34C3F800B85471 /* ViewController.swift in Sources */ = {isa = PBXBuildFile; fileRef = 223F9CDD1F34C3F800B85471 /* ViewController.swift */; };
		223F9CE11F34C3F800B85471 /* Main.storyboard in Resources */ = {isa = PBXBuildFile; fileRef = 223F9CDF1F34C3F800B85471 /* Main.storyboard */; };
		223F9CE31F34C3F800B85471 /* Assets.xcassets in Resources */ = {isa = PBXBuildFile; fileRef = 223F9CE21F34C3F800B85471 /* Assets.xcassets */; };
		223F9CE61F34C3F800B85471 /* LaunchScreen.storyboard in Resources */ = {isa = PBXBuildFile; fileRef = 223F9CE41F34C3F800B85471 /* LaunchScreen.storyboard */; };
/* End PBXBuildFile section */

/* Begin PBXFileReference section */
		223F9CD81F34C3F800B85471 /* Guess Number.app */ = {isa = PBXFileReference; explicitFileType = wrapper.application; includeInIndex = 0; path = "Guess Number.app"; sourceTree = BUILT_PRODUCTS_DIR; };
		223F9CDB1F34C3F800B85471 /* AppDelegate.swift */ = {isa = PBXFileReference; lastKnownFileType = sourcecode.swift; path = AppDelegate.swift; sourceTree = "<group>"; };
		223F9CDD1F34C3F800B85471 /* ViewController.swift */ = {isa = PBXFileReference; lastKnownFileType = sourcecode.swift; path = ViewController.swift; sourceTree = "<group>"; };
		223F9CE01F34C3F800B85471 /* Base */ = {isa = PBXFileReference; lastKnownFileType = file.storyboard; name = Base; path = Base.lproj/Main.storyboard; sourceTree = "<group>"; };
		223F9CE21F34C3F800B85471 /* Assets.xcassets */ = {isa = PBXFileReference; lastKnownFileType = folder.assetcatalog; path = Assets.xcassets; sourceTree = "<group>"; };
		223F9CE51F34C3F800B85471 /* Base */ = {isa = PBXFileReference; lastKnownFileType = file.storyboard; name = Base; path = Base.lproj/LaunchScreen.storyboard; sourceTree = "<group>"; };
		223F9CE71F34C3F800B85471 /* Info.plist */ = {isa = PBXFileReference; lastKnownFileType = text.plist.xml; path = Info.plist; sourceTree = "<group>"; };
/* End PBXFileReference section */

/* Begin PBXFrameworksBuildPhase section */
		223F9CD51F34C3F800B85471 /* Frameworks */ = {
			isa = PBXFrameworksBuildPhase;
			buildActionMask = 2147483647;
			files = (
			);
			runOnlyForDeploymentPostprocessing = 0;
		};
/* End PBXFrameworksBuildPhase section */

/* Begin PBXGroup section */
		223F9CCF1F34C3F800B85471 = {
			isa = PBXGroup;
			children = (
				223F9CDA1F34C3F800B85471 /* Guess Number */,
				223F9CD91F34C3F800B85471 /* Products */,
			);
			sourceTree = "<group>";
		};
		223F9CD91F34C3F800B85471 /* Products */ = {
			isa = PBXGroup;
			children = (
				223F9CD81F34C3F800B85471 /* Guess Number.app */,
			);
			name = Products;
			sourceTree = "<group>";
		};
		223F9CDA1F34C3F800B85471 /* Guess Number */ = {
			isa = PBXGroup;
			children = (
				223F9CDB1F34C3F800B85471 /* AppDelegate.swift */,
				223F9CDD1F34C3F800B85471 /* ViewController.swift */,
				223F9CDF1F34C3F800B85471 /* Main.storyboard */,
				223F9CE21F34C3F800B85471 /* Assets.xcassets */,
				223F9CE41F34C3F800B85471 /* LaunchScreen.storyboard */,
				223F9CE71F34C3F800B85471 /* Info.plist */,
			);
			path = "Guess Number";
			sourceTree = "<group>";
		};
/* End PBXGroup section */

/* Begin PBXNativeTarget section */
		223F9CD71F34C3F800B85471 /* Guess Number */ = {
			isa = PBXNativeTarget;
			buildConfigurationList = 223F9CEA1F34C3F800B85471 /* Build configuration list for PBXNativeTarget "Guess Number" */;
			buildPhases = (
				223F9CD41F34C3F800B85471 /* Sources */,
				223F9CD51F34C3F800B85471 /* Frameworks */,
				223F9CD61F34C3F800B85471 /* Resources */,
			);
			buildRules = (
			);
			dependencies = (
			);
			name = "Guess Number";
			productName = "Guess Number";
			productReference = 223F9CD81F34C3F800B85471 /* Guess Number.app */;
			productType = "com.apple.product-type.application";
		};
/* End PBXNativeTarget section */

/* Begin PBXProject section */
		223F9CD01F34C3F800B85471 /* Project object */ = {
			isa = PBXProject;
			attributes = {
				LastSwiftUpdateCheck = 0900;
				LastUpgradeCheck = 0900;
				ORGANIZATIONNAME = "Tim Tseng";
				TargetAttributes = {
					223F9CD71F34C3F800B85471 = {
						CreatedOnToolsVersion = 9.0;
					};
				};
			};
			buildConfigurationList = 223F9CD31F34C3F800B85471 /* Build configuration list for PBXProject "Guess Number" */;
			compatibilityVersion = "Xcode 8.0";
			developmentRegion = en;
			hasScannedForEncodings = 0;
			knownRegions = (
				en,
				Base,
			);
			mainGroup = 223F9CCF1F34C3F800B85471;
			productRefGroup = 223F9CD91F34C3F800B85471 /* Products */;
			projectDirPath = "";
			projectRoot = "";
			targets = (
				223F9CD71F34C3F800B85471 /* Guess Number */,
			);
		};
/* End PBXProject section */

/* Begin PBXResourcesBuildPhase section */
		223F9CD61F34C3F800B85471 /* Resources */ = {
			isa = PBXResourcesBuildPhase;
			buildActionMask = 2147483647;
			files = (
				223F9CE61F34C3F800B85471 /* LaunchScreen.storyboard in Resources */,
				223F9CE31F34C3F800B85471 /* Assets.xcassets in Resources */,
				223F9CE11F34C3F800B85471 /* Main.storyboard in Resources */,
			);
			runOnlyForDeploymentPostprocessing = 0;
		};
/* End PBXResourcesBuildPhase section */

/* Begin PBXSourcesBuildPhase section */
		223F9CD41F34C3F800B85471 /* Sources */ = {
			isa = PBXSourcesBuildPhase;
			buildActionMask = 2147483647;
			files = (
				223F9CDE1F34C3F800B85471 /* ViewController.swift in Sources */,
				223F9CDC1F34C3F800B85471 /* AppDelegate.swift in Sources */,
			);
			runOnlyForDeploymentPostprocessing = 0;
		};
/* End PBXSourcesBuildPhase section */

/* Begin PBXVariantGroup section */
		223F9CDF1F34C3F800B85471 /* Main.storyboard */ = {
			isa = PBXVariantGroup;
			children = (
				223F9CE01F34C3F800B85471 /* Base */,
			);
			name = Main.storyboard;
			sourceTree = "<group>";
		};
		223F9CE41F34C3F800B85471 /* LaunchScreen.storyboard */ = {
			isa = PBXVariantGroup;
			children = (
				223F9CE51F34C3F800B85471 /* Base */,
			);
			name = LaunchScreen.storyboard;
			sourceTree = "<group>";
		};
/* End PBXVariantGroup section */

/* Begin XCBuildConfiguration section */
		223F9CE81F34C3F800B85471 /* Debug */ = {
			isa = XCBuildConfiguration;
			buildSettings = {
				ALWAYS_SEARCH_USER_PATHS = NO;
				CLANG_ANALYZER_NONNULL = YES;
				CLANG_ANALYZER_NUMBER_OBJECT_CONVERSION = YES_AGGRESSIVE;
				CLANG_CXX_LANGUAGE_STANDARD = "gnu++14";
				CLANG_CXX_LIBRARY = "libc++";
				CLANG_ENABLE_MODULES = YES;
				CLANG_ENABLE_OBJC_ARC = YES;
				CLANG_WARN_BLOCK_CAPTURE_AUTORELEASING = YES;
				CLANG_WARN_BOOL_CONVERSION = YES;
				CLANG_WARN_COMMA = YES;
				CLANG_WARN_CONSTANT_CONVERSION = YES;
				CLANG_WARN_DIRECT_OBJC_ISA_USAGE = YES_ERROR;
				CLANG_WARN_DOCUMENTATION_COMMENTS = YES;
				CLANG_WARN_EMPTY_BODY = YES;
				CLANG_WARN_ENUM_CONVERSION = YES;
				CLANG_WARN_INFINITE_RECURSION = YES;
				CLANG_WARN_INT_CONVERSION = YES;
				CLANG_WARN_NON_LITERAL_NULL_CONVERSION = YES;
				CLANG_WARN_OBJC_LITERAL_CONVERSION = YES;
				CLANG_WARN_OBJC_ROOT_CLASS = YES_ERROR;
				CLANG_WARN_RANGE_LOOP_ANALYSIS = YES;
				CLANG_WARN_STRICT_PROTOTYPES = YES;
				CLANG_WARN_SUSPICIOUS_MOVE = YES;
				CLANG_WARN_UNGUARDED_AVAILABILITY = YES_AGGRESSIVE;
				CLANG_WARN_UNREACHABLE_CODE = YES;
				CLANG_WARN__DUPLICATE_METHOD_MATCH = YES;
				CODE_SIGN_IDENTITY = "iPhone Developer";
				COPY_PHASE_STRIP = NO;
				DEBUG_INFORMATION_FORMAT = dwarf;
				ENABLE_STRICT_OBJC_MSGSEND = YES;
				ENABLE_TESTABILITY = YES;
				GCC_C_LANGUAGE_STANDARD = gnu11;
				GCC_DYNAMIC_NO_PIC = NO;
				GCC_NO_COMMON_BLOCKS = YES;
				GCC_OPTIMIZATION_LEVEL = 0;
				GCC_PREPROCESSOR_DEFINITIONS = (
					"DEBUG=1",
					"$(inherited)",
				);
				GCC_WARN_64_TO_32_BIT_CONVERSION = YES;
				GCC_WARN_ABOUT_RETURN_TYPE = YES_ERROR;
				GCC_WARN_UNDECLARED_SELECTOR = YES;
				GCC_WARN_UNINITIALIZED_AUTOS = YES_AGGRESSIVE;
				GCC_WARN_UNUSED_FUNCTION = YES;
				GCC_WARN_UNUSED_VARIABLE = YES;
				IPHONEOS_DEPLOYMENT_TARGET = 11.0;
				MTL_ENABLE_DEBUG_INFO = YES;
				ONLY_ACTIVE_ARCH = YES;
				SDKROOT = iphoneos;
				SWIFT_ACTIVE_COMPILATION_CONDITIONS = DEBUG;
				SWIFT_OPTIMIZATION_LEVEL = "-Onone";
			};
			name = Debug;
		};
		223F9CE91F34C3F800B85471 /* Release */ = {
			isa = XCBuildConfiguration;
			buildSettings = {
				ALWAYS_SEARCH_USER_PATHS = NO;
				CLANG_ANALYZER_NONNULL = YES;
				CLANG_ANALYZER_NUMBER_OBJECT_CONVERSION = YES_AGGRESSIVE;
				CLANG_CXX_LANGUAGE_STANDARD = "gnu++14";
				CLANG_CXX_LIBRARY = "libc++";
				CLANG_ENABLE_MODULES = YES;
				CLANG_ENABLE_OBJC_ARC = YES;
				CLANG_WARN_BLOCK_CAPTURE_AUTORELEASING = YES;
				CLANG_WARN_BOOL_CONVERSION = YES;
				CLANG_WARN_COMMA = YES;
				CLANG_WARN_CONSTANT_CONVERSION = YES;
				CLANG_WARN_DIRECT_OBJC_ISA_USAGE = YES_ERROR;
				CLANG_WARN_DOCUMENTATION_COMMENTS = YES;
				CLANG_WARN_EMPTY_BODY = YES;
				CLANG_WARN_ENUM_CONVERSION = YES;
				CLANG_WARN_INFINITE_RECURSION = YES;
				CLANG_WARN_INT_CONVERSION = YES;
				CLANG_WARN_NON_LITERAL_NULL_CONVERSION = YES;
				CLANG_WARN_OBJC_LITERAL_CONVERSION = YES;
				CLANG_WARN_OBJC_ROOT_CLASS = YES_ERROR;
				CLANG_WARN_RANGE_LOOP_ANALYSIS = YES;
				CLANG_WARN_STRICT_PROTOTYPES = YES;
				CLANG_WARN_SUSPICIOUS_MOVE = YES;
				CLANG_WARN_UNGUARDED_AVAILABILITY = YES_AGGRESSIVE;
				CLANG_WARN_UNREACHABLE_CODE = YES;
				CLANG_WARN__DUPLICATE_METHOD_MATCH = YES;
				CODE_SIGN_IDENTITY = "iPhone Developer";
				COPY_PHASE_STRIP = NO;
				DEBUG_INFORMATION_FORMAT = "dwarf-with-dsym";
				ENABLE_NS_ASSERTIONS = NO;
				ENABLE_STRICT_OBJC_MSGSEND = YES;
				GCC_C_LANGUAGE_STANDARD = gnu11;
				GCC_NO_COMMON_BLOCKS = YES;
				GCC_WARN_64_TO_32_BIT_CONVERSION = YES;
				GCC_WARN_ABOUT_RETURN_TYPE = YES_ERROR;
				GCC_WARN_UNDECLARED_SELECTOR = YES;
				GCC_WARN_UNINITIALIZED_AUTOS = YES_AGGRESSIVE;
				GCC_WARN_UNUSED_FUNCTION = YES;
				GCC_WARN_UNUSED_VARIABLE = YES;
				IPHONEOS_DEPLOYMENT_TARGET = 11.0;
				MTL_ENABLE_DEBUG_INFO = NO;
				SDKROOT = iphoneos;
				SWIFT_OPTIMIZATION_LEVEL = "-Owholemodule";
				VALIDATE_PRODUCT = YES;
			};
			name = Release;
		};
		223F9CEB1F34C3F800B85471 /* Debug */ = {
			isa = XCBuildConfiguration;
			buildSettings = {
				ASSETCATALOG_COMPILER_APPICON_NAME = AppIcon;
				DEVELOPMENT_TEAM = 57Z72XVX9C;
				INFOPLIST_FILE = "Guess Number/Info.plist";
				LD_RUNPATH_SEARCH_PATHS = "$(inherited) @executable_path/Frameworks";
				PRODUCT_BUNDLE_IDENTIFIER = "com.timtseng.Guess-Number";
				PRODUCT_NAME = "$(TARGET_NAME)";
				SWIFT_VERSION = 4.0;
				TARGETED_DEVICE_FAMILY = "1,2";
			};
			name = Debug;
		};
		223F9CEC1F34C3F800B85471 /* Release */ = {
			isa = XCBuildConfiguration;
			buildSettings = {
				ASSETCATALOG_COMPILER_APPICON_NAME = AppIcon;
				DEVELOPMENT_TEAM = 57Z72XVX9C;
				INFOPLIST_FILE = "Guess Number/Info.plist";
				LD_RUNPATH_SEARCH_PATHS = "$(inherited) @executable_path/Frameworks";
				PRODUCT_BUNDLE_IDENTIFIER = "com.timtseng.Guess-Number";
				PRODUCT_NAME = "$(TARGET_NAME)";
				SWIFT_VERSION = 4.0;
				TARGETED_DEVICE_FAMILY = "1,2";
			};
			name = Release;
		};
/* End XCBuildConfiguration section */

/* Begin XCConfigurationList section */
		223F9CD31F34C3F800B85471 /* Build configuration list for PBXProject "Guess Number" */ = {
			isa = XCConfigurationList;
			buildConfigurations = (
				223F9CE81F34C3F800B85471 /* Debug */,
				223F9CE91F34C3F800B85471 /* Release */,
			);
			defaultConfigurationIsVisible = 0;
			defaultConfigurationName = Release;
		};
		223F9CEA1F34C3F800B85471 /* Build configuration list for PBXNativeTarget "Guess Number" */ = {
			isa = XCConfigurationList;
			buildConfigurations = (
				223F9CEB1F34C3F800B85471 /* Debug */,
				223F9CEC1F34C3F800B85471 /* Release */,
			);
			defaultConfigurationIsVisible = 0;
			defaultConfigurationName = Release;
		};
/* End XCConfigurationList section */
	};
	rootObject = 223F9CD01F34C3F800B85471 /* Project object */;
}
